{
  "name": "Serverless fn",
  "lockfileVersion": 3,
  "requires": true,
  "packages": {
    "": {
      "dependencies": {
        "hono": "^4.1.0"
      }
    },
    "node_modules/hono": {
      "version": "4.1.0",
      "resolved": "https://registry.npmjs.org/hono/-/hono-4.1.0.tgz",
      "integrity": "sha512-9no6DCHb4ijB1tWdFXU6JnrnFgzwVZ1cnIcS1BjAFnMcjbtBTOMsQrDrPH3GXbkNEEEkj8kWqcYBy8Qc0bBkJQ==",
      "engines": {
        "node": ">=16.0.0"
      }
    }
  }
}
